// !$*UTF8*$!
{
	archiveVersion = 1;
	classes = {
	};
	objectVersion = 56;
	objects = {

/* Begin PBXBuildFile section */
		D917F9052A66971C00DCD0CC /* main.cpp in Sources */ = {isa = PBXBuildFile; fileRef = D917F9032A66971B00DCD0CC /* main.cpp */; };
		D917F90A2A66D18300DCD0CC /* Metal.framework in Frameworks */ = {isa = PBXBuildFile; fileRef = D917F8FA2A66832E00DCD0CC /* Metal.framework */; };
		D917F9102A66D1FB00DCD0CC /* Foundation.framework in Frameworks */ = {isa = PBXBuildFile; fileRef = D917F8FE2A66833700DCD0CC /* Foundation.framework */; };
		D917F9112A66D1FF00DCD0CC /* MetalKit.framework in Frameworks */ = {isa = PBXBuildFile; fileRef = D917F9002A66884E00DCD0CC /* MetalKit.framework */; };
		D917F9142A66D34600DCD0CC /* AppDelegate.cpp in Sources */ = {isa = PBXBuildFile; fileRef = D917F9122A66D34600DCD0CC /* AppDelegate.cpp */; };
		D917F9172A66D40400DCD0CC /* MTKViewDelegate.cpp in Sources */ = {isa = PBXBuildFile; fileRef = D917F9152A66D40400DCD0CC /* MTKViewDelegate.cpp */; };
		D917F91A2A66D9EA00DCD0CC /* ViewShader.metal in Sources */ = {isa = PBXBuildFile; fileRef = D917F9192A66D9EA00DCD0CC /* ViewShader.metal */; };
		D91D8A422A694A4D00E5B2A8 /* IOSUtils.cpp in Sources */ = {isa = PBXBuildFile; fileRef = D91D8A402A694A4D00E5B2A8 /* IOSUtils.cpp */; };
		D927AA8C2A6C5E81002D5F0D /* MetalRendererManager.cpp in Sources */ = {isa = PBXBuildFile; fileRef = D927AA8A2A6C5E81002D5F0D /* MetalRendererManager.cpp */; };
		D93D0BA62A74599C00828E07 /* sanic.png in Resources */ = {isa = PBXBuildFile; fileRef = D93D0BA52A74599C00828E07 /* sanic.png */; };
		D9975B4C2A76C53D00286822 /* MainAtlas.tps in Resources */ = {isa = PBXBuildFile; fileRef = D9975B492A76C53D00286822 /* MainAtlas.tps */; };
		D9975B4D2A76C53D00286822 /* MainAtlas-data.json in Resources */ = {isa = PBXBuildFile; fileRef = D9975B4A2A76C53D00286822 /* MainAtlas-data.json */; };
		D9975B4E2A76C53D00286822 /* MainAtlas-sheet.png in Resources */ = {isa = PBXBuildFile; fileRef = D9975B4B2A76C53D00286822 /* MainAtlas-sheet.png */; };
		D9A08D252A6FE20C00DBA3E5 /* waltographUI.ttf in Resources */ = {isa = PBXBuildFile; fileRef = D9A08D242A6FE20C00DBA3E5 /* waltographUI.ttf */; };
/* End PBXBuildFile section */

/* Begin PBXFileReference section */
		D917F8342A642A7B00DCD0CC /* grumble-sudoku.app */ = {isa = PBXFileReference; explicitFileType = wrapper.application; includeInIndex = 0; path = "grumble-sudoku.app"; sourceTree = BUILT_PRODUCTS_DIR; };
		D917F84A2A642A7C00DCD0CC /* grumble_sudoku.entitlements */ = {isa = PBXFileReference; lastKnownFileType = text.plist.entitlements; path = grumble_sudoku.entitlements; sourceTree = "<group>"; };
		D917F8502A642AB600DCD0CC /* conanfile.py */ = {isa = PBXFileReference; lastKnownFileType = text.script.python; path = conanfile.py; sourceTree = "<group>"; };
		D917F86B2A6484A700DCD0CC /* conan_config.xcconfig */ = {isa = PBXFileReference; lastKnownFileType = text.xcconfig; path = conan_config.xcconfig; sourceTree = "<group>"; };
		D917F88A2A6588DB00DCD0CC /* conan_nlohmann_json_nlohmann_json_debug_arm64.xcconfig */ = {isa = PBXFileReference; lastKnownFileType = text.xcconfig; path = conan_nlohmann_json_nlohmann_json_debug_arm64.xcconfig; sourceTree = "<group>"; };
		D917F88B2A6588DB00DCD0CC /* conan_grumble_grumble.xcconfig */ = {isa = PBXFileReference; lastKnownFileType = text.xcconfig; path = conan_grumble_grumble.xcconfig; sourceTree = "<group>"; };
		D917F88C2A6588DB00DCD0CC /* conan_grumble.xcconfig */ = {isa = PBXFileReference; lastKnownFileType = text.xcconfig; path = conan_grumble.xcconfig; sourceTree = "<group>"; };
		D917F88D2A6588DB00DCD0CC /* conan_glm_glm.xcconfig */ = {isa = PBXFileReference; lastKnownFileType = text.xcconfig; path = conan_glm_glm.xcconfig; sourceTree = "<group>"; };
		D917F88E2A6588DB00DCD0CC /* conan_grumble_grumble_debug_arm64.xcconfig */ = {isa = PBXFileReference; lastKnownFileType = text.xcconfig; path = conan_grumble_grumble_debug_arm64.xcconfig; sourceTree = "<group>"; };
		D917F88F2A6588DB00DCD0CC /* conan_glm.xcconfig */ = {isa = PBXFileReference; lastKnownFileType = text.xcconfig; path = conan_glm.xcconfig; sourceTree = "<group>"; };
		D917F8902A6588DB00DCD0CC /* conan_nlohmann_json_nlohmann_json.xcconfig */ = {isa = PBXFileReference; lastKnownFileType = text.xcconfig; path = conan_nlohmann_json_nlohmann_json.xcconfig; sourceTree = "<group>"; };
		D917F8912A6588DB00DCD0CC /* conan_nlohmann_json.xcconfig */ = {isa = PBXFileReference; lastKnownFileType = text.xcconfig; path = conan_nlohmann_json.xcconfig; sourceTree = "<group>"; };
		D917F8922A6588DB00DCD0CC /* conandeps.xcconfig */ = {isa = PBXFileReference; lastKnownFileType = text.xcconfig; path = conandeps.xcconfig; sourceTree = "<group>"; };
		D917F8FA2A66832E00DCD0CC /* Metal.framework */ = {isa = PBXFileReference; lastKnownFileType = wrapper.framework; name = Metal.framework; path = System/Library/Frameworks/Metal.framework; sourceTree = SDKROOT; };
		D917F8FC2A66833200DCD0CC /* QuartzCore.framework */ = {isa = PBXFileReference; lastKnownFileType = wrapper.framework; name = QuartzCore.framework; path = System/Library/Frameworks/QuartzCore.framework; sourceTree = SDKROOT; };
		D917F8FE2A66833700DCD0CC /* Foundation.framework */ = {isa = PBXFileReference; lastKnownFileType = wrapper.framework; name = Foundation.framework; path = System/Library/Frameworks/Foundation.framework; sourceTree = SDKROOT; };
		D917F9002A66884E00DCD0CC /* MetalKit.framework */ = {isa = PBXFileReference; lastKnownFileType = wrapper.framework; name = MetalKit.framework; path = System/Library/Frameworks/MetalKit.framework; sourceTree = SDKROOT; };
		D917F9032A66971B00DCD0CC /* main.cpp */ = {isa = PBXFileReference; lastKnownFileType = sourcecode.cpp.cpp; path = main.cpp; sourceTree = "<group>"; };
		D917F9072A6697D800DCD0CC /* AppKit.framework */ = {isa = PBXFileReference; lastKnownFileType = wrapper.framework; name = AppKit.framework; path = System/Library/Frameworks/AppKit.framework; sourceTree = SDKROOT; };
		D917F90E2A66D1F600DCD0CC /* JavaNativeFoundation.framework */ = {isa = PBXFileReference; lastKnownFileType = wrapper.framework; name = JavaNativeFoundation.framework; path = System/Library/Frameworks/JavaNativeFoundation.framework; sourceTree = SDKROOT; };
		D917F9122A66D34600DCD0CC /* AppDelegate.cpp */ = {isa = PBXFileReference; lastKnownFileType = sourcecode.cpp.cpp; path = AppDelegate.cpp; sourceTree = "<group>"; };
		D917F9132A66D34600DCD0CC /* AppDelegate.hpp */ = {isa = PBXFileReference; lastKnownFileType = sourcecode.cpp.h; path = AppDelegate.hpp; sourceTree = "<group>"; };
		D917F9152A66D40400DCD0CC /* MTKViewDelegate.cpp */ = {isa = PBXFileReference; lastKnownFileType = sourcecode.cpp.cpp; path = MTKViewDelegate.cpp; sourceTree = "<group>"; };
		D917F9162A66D40400DCD0CC /* MTKViewDelegate.hpp */ = {isa = PBXFileReference; lastKnownFileType = sourcecode.cpp.h; path = MTKViewDelegate.hpp; sourceTree = "<group>"; };
		D917F9192A66D9EA00DCD0CC /* ViewShader.metal */ = {isa = PBXFileReference; lastKnownFileType = sourcecode.metal; path = ViewShader.metal; sourceTree = "<group>"; };
		D91D8A402A694A4D00E5B2A8 /* IOSUtils.cpp */ = {isa = PBXFileReference; lastKnownFileType = sourcecode.cpp.cpp; path = IOSUtils.cpp; sourceTree = "<group>"; };
		D91D8A412A694A4D00E5B2A8 /* IOSUtils.hpp */ = {isa = PBXFileReference; lastKnownFileType = sourcecode.cpp.h; path = IOSUtils.hpp; sourceTree = "<group>"; };
		D927AA8A2A6C5E81002D5F0D /* MetalRendererManager.cpp */ = {isa = PBXFileReference; lastKnownFileType = sourcecode.cpp.cpp; path = MetalRendererManager.cpp; sourceTree = "<group>"; };
		D927AA8B2A6C5E81002D5F0D /* MetalRendererManager.hpp */ = {isa = PBXFileReference; lastKnownFileType = sourcecode.cpp.h; path = MetalRendererManager.hpp; sourceTree = "<group>"; };
		D92D77C52A6D82C100E5F178 /* UniformData.hpp */ = {isa = PBXFileReference; lastKnownFileType = sourcecode.cpp.h; path = UniformData.hpp; sourceTree = "<group>"; };
		D93D0B962A7436EF00828E07 /* NSMenuItem.hpp */ = {isa = PBXFileReference; lastKnownFileType = sourcecode.cpp.h; path = NSMenuItem.hpp; sourceTree = "<group>"; };
		D93D0B972A7436EF00828E07 /* NSWindow.hpp */ = {isa = PBXFileReference; lastKnownFileType = sourcecode.cpp.h; path = NSWindow.hpp; sourceTree = "<group>"; };
		D93D0B982A7436EF00828E07 /* AppKit.hpp */ = {isa = PBXFileReference; lastKnownFileType = sourcecode.cpp.h; path = AppKit.hpp; sourceTree = "<group>"; };
		D93D0B992A7436EF00828E07 /* NSRunningApplication.hpp */ = {isa = PBXFileReference; lastKnownFileType = sourcecode.cpp.h; path = NSRunningApplication.hpp; sourceTree = "<group>"; };
		D93D0B9A2A7436EF00828E07 /* NSView.hpp */ = {isa = PBXFileReference; lastKnownFileType = sourcecode.cpp.h; path = NSView.hpp; sourceTree = "<group>"; };
		D93D0B9B2A7436EF00828E07 /* NSApplication.hpp */ = {isa = PBXFileReference; lastKnownFileType = sourcecode.cpp.h; path = NSApplication.hpp; sourceTree = "<group>"; };
		D93D0B9C2A7436EF00828E07 /* NSMenu.hpp */ = {isa = PBXFileReference; lastKnownFileType = sourcecode.cpp.h; path = NSMenu.hpp; sourceTree = "<group>"; };
		D93D0B9D2A7436EF00828E07 /* AppKitPrivate.hpp */ = {isa = PBXFileReference; lastKnownFileType = sourcecode.cpp.h; path = AppKitPrivate.hpp; sourceTree = "<group>"; };
		D93D0B9F2A7436EF00828E07 /* MTKView.hpp */ = {isa = PBXFileReference; lastKnownFileType = sourcecode.cpp.h; path = MTKView.hpp; sourceTree = "<group>"; };
		D93D0BA02A7436EF00828E07 /* MetalKit.hpp */ = {isa = PBXFileReference; lastKnownFileType = sourcecode.cpp.h; path = MetalKit.hpp; sourceTree = "<group>"; };
		D93D0BA12A7436EF00828E07 /* MetalKitPrivate.hpp */ = {isa = PBXFileReference; lastKnownFileType = sourcecode.cpp.h; path = MetalKitPrivate.hpp; sourceTree = "<group>"; };
		D93D0BA52A74599C00828E07 /* sanic.png */ = {isa = PBXFileReference; lastKnownFileType = image.png; path = sanic.png; sourceTree = "<group>"; };
		D9975B492A76C53D00286822 /* MainAtlas.tps */ = {isa = PBXFileReference; fileEncoding = 4; lastKnownFileType = text.xml; path = MainAtlas.tps; sourceTree = "<group>"; };
		D9975B4A2A76C53D00286822 /* MainAtlas-data.json */ = {isa = PBXFileReference; fileEncoding = 4; lastKnownFileType = text.json; path = "MainAtlas-data.json"; sourceTree = "<group>"; };
		D9975B4B2A76C53D00286822 /* MainAtlas-sheet.png */ = {isa = PBXFileReference; lastKnownFileType = image.png; path = "MainAtlas-sheet.png"; sourceTree = "<group>"; };
		D9A08D242A6FE20C00DBA3E5 /* waltographUI.ttf */ = {isa = PBXFileReference; lastKnownFileType = file; path = waltographUI.ttf; sourceTree = "<group>"; };
		D9CE629C2A6D60A300D9477F /* MetalUtils.hpp */ = {isa = PBXFileReference; lastKnownFileType = sourcecode.cpp.h; path = MetalUtils.hpp; sourceTree = "<group>"; };
/* End PBXFileReference section */

/* Begin PBXFrameworksBuildPhase section */
		D917F8312A642A7B00DCD0CC /* Frameworks */ = {
			isa = PBXFrameworksBuildPhase;
			buildActionMask = 2147483647;
			files = (
				D917F9112A66D1FF00DCD0CC /* MetalKit.framework in Frameworks */,
				D917F90A2A66D18300DCD0CC /* Metal.framework in Frameworks */,
				D917F9102A66D1FB00DCD0CC /* Foundation.framework in Frameworks */,
			);
			runOnlyForDeploymentPostprocessing = 0;
		};
/* End PBXFrameworksBuildPhase section */

/* Begin PBXGroup section */
		D917F82B2A642A7B00DCD0CC = {
			isa = PBXGroup;
			children = (
				D917F86A2A64847100DCD0CC /* conan */,
				D917F8502A642AB600DCD0CC /* conanfile.py */,
				D917F8362A642A7B00DCD0CC /* grumble-sudoku */,
				D93D0B932A7436EF00828E07 /* metal-cpp-extensions */,
				D917F8352A642A7B00DCD0CC /* Products */,
				D917F8F92A66832E00DCD0CC /* Frameworks */,
			);
			sourceTree = "<group>";
		};
		D917F8352A642A7B00DCD0CC /* Products */ = {
			isa = PBXGroup;
			children = (
				D917F8342A642A7B00DCD0CC /* grumble-sudoku.app */,
			);
			name = Products;
			sourceTree = "<group>";
		};
		D917F8362A642A7B00DCD0CC /* grumble-sudoku */ = {
			isa = PBXGroup;
			children = (
				D9A08D202A6FE1C900DBA3E5 /* Resources */,
				D9CE62972A6D4E8500D9477F /* grumble-metal */,
				D917F84A2A642A7C00DCD0CC /* grumble_sudoku.entitlements */,
				D91D8A3F2A694A2B00E5B2A8 /* utils */,
				D917F9182A66D9D800DCD0CC /* Shaders */,
				D917F9032A66971B00DCD0CC /* main.cpp */,
				D917F9132A66D34600DCD0CC /* AppDelegate.hpp */,
				D917F9122A66D34600DCD0CC /* AppDelegate.cpp */,
				D917F9162A66D40400DCD0CC /* MTKViewDelegate.hpp */,
				D917F9152A66D40400DCD0CC /* MTKViewDelegate.cpp */,
			);
			path = "grumble-sudoku";
			sourceTree = "<group>";
		};
		D917F86A2A64847100DCD0CC /* conan */ = {
			isa = PBXGroup;
			children = (
				D917F88D2A6588DB00DCD0CC /* conan_glm_glm.xcconfig */,
				D917F88F2A6588DB00DCD0CC /* conan_glm.xcconfig */,
				D917F88E2A6588DB00DCD0CC /* conan_grumble_grumble_debug_arm64.xcconfig */,
				D917F88B2A6588DB00DCD0CC /* conan_grumble_grumble.xcconfig */,
				D917F88C2A6588DB00DCD0CC /* conan_grumble.xcconfig */,
				D917F88A2A6588DB00DCD0CC /* conan_nlohmann_json_nlohmann_json_debug_arm64.xcconfig */,
				D917F8902A6588DB00DCD0CC /* conan_nlohmann_json_nlohmann_json.xcconfig */,
				D917F8912A6588DB00DCD0CC /* conan_nlohmann_json.xcconfig */,
				D917F8922A6588DB00DCD0CC /* conandeps.xcconfig */,
				D917F86B2A6484A700DCD0CC /* conan_config.xcconfig */,
			);
			path = conan;
			sourceTree = "<group>";
		};
		D917F8F92A66832E00DCD0CC /* Frameworks */ = {
			isa = PBXGroup;
			children = (
				D917F90E2A66D1F600DCD0CC /* JavaNativeFoundation.framework */,
				D917F9072A6697D800DCD0CC /* AppKit.framework */,
				D917F9002A66884E00DCD0CC /* MetalKit.framework */,
				D917F8FE2A66833700DCD0CC /* Foundation.framework */,
				D917F8FC2A66833200DCD0CC /* QuartzCore.framework */,
				D917F8FA2A66832E00DCD0CC /* Metal.framework */,
			);
			name = Frameworks;
			sourceTree = "<group>";
		};
		D917F9182A66D9D800DCD0CC /* Shaders */ = {
			isa = PBXGroup;
			children = (
				D917F9192A66D9EA00DCD0CC /* ViewShader.metal */,
			);
			path = Shaders;
			sourceTree = "<group>";
		};
		D91D8A3F2A694A2B00E5B2A8 /* utils */ = {
			isa = PBXGroup;
			children = (
				D91D8A412A694A4D00E5B2A8 /* IOSUtils.hpp */,
				D91D8A402A694A4D00E5B2A8 /* IOSUtils.cpp */,
			);
			path = utils;
			sourceTree = "<group>";
		};
		D92D77C42A6D82A000E5F178 /* Buffers */ = {
			isa = PBXGroup;
			children = (
				D92D77C52A6D82C100E5F178 /* UniformData.hpp */,
			);
			path = Buffers;
			sourceTree = "<group>";
		};
		D93D0B932A7436EF00828E07 /* metal-cpp-extensions */ = {
			isa = PBXGroup;
			children = (
				D93D0B952A7436EF00828E07 /* AppKit */,
				D93D0B9E2A7436EF00828E07 /* MetalKit */,
			);
			path = "metal-cpp-extensions";
			sourceTree = "<group>";
		};
		D93D0B952A7436EF00828E07 /* AppKit */ = {
			isa = PBXGroup;
			children = (
				D93D0B962A7436EF00828E07 /* NSMenuItem.hpp */,
				D93D0B972A7436EF00828E07 /* NSWindow.hpp */,
				D93D0B982A7436EF00828E07 /* AppKit.hpp */,
				D93D0B992A7436EF00828E07 /* NSRunningApplication.hpp */,
				D93D0B9A2A7436EF00828E07 /* NSView.hpp */,
				D93D0B9B2A7436EF00828E07 /* NSApplication.hpp */,
				D93D0B9C2A7436EF00828E07 /* NSMenu.hpp */,
				D93D0B9D2A7436EF00828E07 /* AppKitPrivate.hpp */,
			);
			path = AppKit;
			sourceTree = "<group>";
		};
		D93D0B9E2A7436EF00828E07 /* MetalKit */ = {
			isa = PBXGroup;
			children = (
				D93D0B9F2A7436EF00828E07 /* MTKView.hpp */,
				D93D0BA02A7436EF00828E07 /* MetalKit.hpp */,
				D93D0BA12A7436EF00828E07 /* MetalKitPrivate.hpp */,
			);
			path = MetalKit;
			sourceTree = "<group>";
		};
		D93D0BA42A74599300828E07 /* Images */ = {
			isa = PBXGroup;
			children = (
				D93D0BA52A74599C00828E07 /* sanic.png */,
			);
			path = Images;
			sourceTree = "<group>";
		};
		D9975B482A76C53D00286822 /* Atlas */ = {
			isa = PBXGroup;
			children = (
				D9975B492A76C53D00286822 /* MainAtlas.tps */,
				D9975B4A2A76C53D00286822 /* MainAtlas-data.json */,
				D9975B4B2A76C53D00286822 /* MainAtlas-sheet.png */,
			);
			path = Atlas;
			sourceTree = "<group>";
		};
		D9A08D202A6FE1C900DBA3E5 /* Resources */ = {
			isa = PBXGroup;
			children = (
				D9975B482A76C53D00286822 /* Atlas */,
				D93D0BA42A74599300828E07 /* Images */,
				D9A08D212A6FE1D100DBA3E5 /* Fonts */,
			);
			path = Resources;
			sourceTree = "<group>";
		};
		D9A08D212A6FE1D100DBA3E5 /* Fonts */ = {
			isa = PBXGroup;
			children = (
				D9A08D242A6FE20C00DBA3E5 /* waltographUI.ttf */,
			);
			path = Fonts;
			sourceTree = "<group>";
		};
		D9CE62972A6D4E8500D9477F /* grumble-metal */ = {
			isa = PBXGroup;
			children = (
				D92D77C42A6D82A000E5F178 /* Buffers */,
				D927AA8B2A6C5E81002D5F0D /* MetalRendererManager.hpp */,
				D927AA8A2A6C5E81002D5F0D /* MetalRendererManager.cpp */,
				D9CE629C2A6D60A300D9477F /* MetalUtils.hpp */,
			);
			path = "grumble-metal";
			sourceTree = "<group>";
		};
/* End PBXGroup section */

/* Begin PBXNativeTarget section */
		D917F8332A642A7B00DCD0CC /* grumble-sudoku */ = {
			isa = PBXNativeTarget;
			buildConfigurationList = D917F84D2A642A7C00DCD0CC /* Build configuration list for PBXNativeTarget "grumble-sudoku" */;
			buildPhases = (
				D917F8522A642D3700DCD0CC /* Conan Install */,
				D917F8302A642A7B00DCD0CC /* Sources */,
				D917F8312A642A7B00DCD0CC /* Frameworks */,
				D917F8322A642A7B00DCD0CC /* Resources */,
			);
			buildRules = (
			);
			dependencies = (
			);
			name = "grumble-sudoku";
			productName = "grumble-sudoku";
			productReference = D917F8342A642A7B00DCD0CC /* grumble-sudoku.app */;
			productType = "com.apple.product-type.application";
		};
/* End PBXNativeTarget section */

/* Begin PBXProject section */
		D917F82C2A642A7B00DCD0CC /* Project object */ = {
			isa = PBXProject;
			attributes = {
				BuildIndependentTargetsInParallel = 1;
				LastUpgradeCheck = 1430;
				TargetAttributes = {
					D917F8332A642A7B00DCD0CC = {
						CreatedOnToolsVersion = 14.3.1;
					};
				};
			};
			buildConfigurationList = D917F82F2A642A7B00DCD0CC /* Build configuration list for PBXProject "grumble-sudoku" */;
			compatibilityVersion = "Xcode 14.0";
			developmentRegion = en;
			hasScannedForEncodings = 0;
			knownRegions = (
				en,
				Base,
			);
			mainGroup = D917F82B2A642A7B00DCD0CC;
			productRefGroup = D917F8352A642A7B00DCD0CC /* Products */;
			projectDirPath = "";
			projectRoot = "";
			targets = (
				D917F8332A642A7B00DCD0CC /* grumble-sudoku */,
			);
		};
/* End PBXProject section */

/* Begin PBXResourcesBuildPhase section */
		D917F8322A642A7B00DCD0CC /* Resources */ = {
			isa = PBXResourcesBuildPhase;
			buildActionMask = 2147483647;
			files = (
				D9975B4D2A76C53D00286822 /* MainAtlas-data.json in Resources */,
				D93D0BA62A74599C00828E07 /* sanic.png in Resources */,
				D9A08D252A6FE20C00DBA3E5 /* waltographUI.ttf in Resources */,
				D9975B4C2A76C53D00286822 /* MainAtlas.tps in Resources */,
				D9975B4E2A76C53D00286822 /* MainAtlas-sheet.png in Resources */,
			);
			runOnlyForDeploymentPostprocessing = 0;
		};
/* End PBXResourcesBuildPhase section */

/* Begin PBXShellScriptBuildPhase section */
		D917F8522A642D3700DCD0CC /* Conan Install */ = {
			isa = PBXShellScriptBuildPhase;
			alwaysOutOfDate = 1;
			buildActionMask = 2147483647;
			files = (
			);
			inputFileListPaths = (
			);
			inputPaths = (
			);
			name = "Conan Install";
			outputFileListPaths = (
			);
			outputPaths = (
			);
			runOnlyForDeploymentPostprocessing = 0;
			shellPath = /bin/sh;
			shellScript = "# Type a script or drag a script file from your workspace to insert its path.\n/opt/homebrew/bin/conan install $PROJECT_DIR/conanfile.py -s build_type=$CONFIGURATION --output-folder $PROJECT_DIR/conan \n";
		};
/* End PBXShellScriptBuildPhase section */

/* Begin PBXSourcesBuildPhase section */
		D917F8302A642A7B00DCD0CC /* Sources */ = {
			isa = PBXSourcesBuildPhase;
			buildActionMask = 2147483647;
			files = (
				D917F91A2A66D9EA00DCD0CC /* ViewShader.metal in Sources */,
				D91D8A422A694A4D00E5B2A8 /* IOSUtils.cpp in Sources */,
				D917F9172A66D40400DCD0CC /* MTKViewDelegate.cpp in Sources */,
				D917F9142A66D34600DCD0CC /* AppDelegate.cpp in Sources */,
				D917F9052A66971C00DCD0CC /* main.cpp in Sources */,
				D927AA8C2A6C5E81002D5F0D /* MetalRendererManager.cpp in Sources */,
			);
			runOnlyForDeploymentPostprocessing = 0;
		};
/* End PBXSourcesBuildPhase section */

/* Begin XCBuildConfiguration section */
		D917F84B2A642A7C00DCD0CC /* Debug */ = {
			isa = XCBuildConfiguration;
			baseConfigurationReference = D917F86B2A6484A700DCD0CC /* conan_config.xcconfig */;
			buildSettings = {
				ALWAYS_SEARCH_USER_PATHS = NO;
				CLANG_ANALYZER_NONNULL = YES;
				CLANG_ANALYZER_NUMBER_OBJECT_CONVERSION = YES_AGGRESSIVE;
				CLANG_CXX_LANGUAGE_STANDARD = "c++20";
				CLANG_ENABLE_MODULES = YES;
				CLANG_ENABLE_OBJC_ARC = YES;
				CLANG_ENABLE_OBJC_WEAK = YES;
				CLANG_WARN_BLOCK_CAPTURE_AUTORELEASING = YES;
				CLANG_WARN_BOOL_CONVERSION = YES;
				CLANG_WARN_COMMA = YES;
				CLANG_WARN_CONSTANT_CONVERSION = YES;
				CLANG_WARN_DEPRECATED_OBJC_IMPLEMENTATIONS = YES;
				CLANG_WARN_DIRECT_OBJC_ISA_USAGE = YES_ERROR;
				CLANG_WARN_DOCUMENTATION_COMMENTS = YES;
				CLANG_WARN_EMPTY_BODY = YES;
				CLANG_WARN_ENUM_CONVERSION = YES;
				CLANG_WARN_INFINITE_RECURSION = YES;
				CLANG_WARN_INT_CONVERSION = YES;
				CLANG_WARN_NON_LITERAL_NULL_CONVERSION = YES;
				CLANG_WARN_OBJC_IMPLICIT_RETAIN_SELF = YES;
				CLANG_WARN_OBJC_LITERAL_CONVERSION = YES;
				CLANG_WARN_OBJC_ROOT_CLASS = YES_ERROR;
				CLANG_WARN_QUOTED_INCLUDE_IN_FRAMEWORK_HEADER = YES;
				CLANG_WARN_RANGE_LOOP_ANALYSIS = YES;
				CLANG_WARN_STRICT_PROTOTYPES = YES;
				CLANG_WARN_SUSPICIOUS_MOVE = YES;
				CLANG_WARN_UNGUARDED_AVAILABILITY = YES_AGGRESSIVE;
				CLANG_WARN_UNREACHABLE_CODE = YES;
				CLANG_WARN__DUPLICATE_METHOD_MATCH = YES;
				COPY_PHASE_STRIP = NO;
				DEBUG_INFORMATION_FORMAT = dwarf;
				ENABLE_STRICT_OBJC_MSGSEND = YES;
				ENABLE_TESTABILITY = YES;
				"FRAMEWORK_SEARCH_PATHS[sdk=macosx*][arch=arm64]" = (
					"$(inherited)",
					"$(FRAMEWORK_SEARCH_PATHS_grumble_grumble)",
				);
				GCC_C_LANGUAGE_STANDARD = gnu11;
				GCC_DYNAMIC_NO_PIC = NO;
				GCC_NO_COMMON_BLOCKS = YES;
				GCC_OPTIMIZATION_LEVEL = 0;
				GCC_PREPROCESSOR_DEFINITIONS = (
					"DEBUG=1",
					"$(inherited)",
				);
				GCC_WARN_64_TO_32_BIT_CONVERSION = YES;
				GCC_WARN_ABOUT_RETURN_TYPE = YES_ERROR;
				GCC_WARN_UNDECLARED_SELECTOR = YES;
				GCC_WARN_UNINITIALIZED_AUTOS = YES_AGGRESSIVE;
				GCC_WARN_UNUSED_FUNCTION = YES;
				GCC_WARN_UNUSED_VARIABLE = YES;
				HEADER_SEARCH_PATHS = "$(PROJECT_DIR)/metal-cpp";
				MACOSX_DEPLOYMENT_TARGET = 13.3;
				MTL_ENABLE_DEBUG_INFO = INCLUDE_SOURCE;
				MTL_FAST_MATH = YES;
				ONLY_ACTIVE_ARCH = YES;
				SDKROOT = macosx;
			};
			name = Debug;
		};
		D917F84C2A642A7C00DCD0CC /* Release */ = {
			isa = XCBuildConfiguration;
			baseConfigurationReference = D917F86B2A6484A700DCD0CC /* conan_config.xcconfig */;
			buildSettings = {
				ALWAYS_SEARCH_USER_PATHS = NO;
				CLANG_ANALYZER_NONNULL = YES;
				CLANG_ANALYZER_NUMBER_OBJECT_CONVERSION = YES_AGGRESSIVE;
				CLANG_CXX_LANGUAGE_STANDARD = "c++20";
				CLANG_ENABLE_MODULES = YES;
				CLANG_ENABLE_OBJC_ARC = YES;
				CLANG_ENABLE_OBJC_WEAK = YES;
				CLANG_WARN_BLOCK_CAPTURE_AUTORELEASING = YES;
				CLANG_WARN_BOOL_CONVERSION = YES;
				CLANG_WARN_COMMA = YES;
				CLANG_WARN_CONSTANT_CONVERSION = YES;
				CLANG_WARN_DEPRECATED_OBJC_IMPLEMENTATIONS = YES;
				CLANG_WARN_DIRECT_OBJC_ISA_USAGE = YES_ERROR;
				CLANG_WARN_DOCUMENTATION_COMMENTS = YES;
				CLANG_WARN_EMPTY_BODY = YES;
				CLANG_WARN_ENUM_CONVERSION = YES;
				CLANG_WARN_INFINITE_RECURSION = YES;
				CLANG_WARN_INT_CONVERSION = YES;
				CLANG_WARN_NON_LITERAL_NULL_CONVERSION = YES;
				CLANG_WARN_OBJC_IMPLICIT_RETAIN_SELF = YES;
				CLANG_WARN_OBJC_LITERAL_CONVERSION = YES;
				CLANG_WARN_OBJC_ROOT_CLASS = YES_ERROR;
				CLANG_WARN_QUOTED_INCLUDE_IN_FRAMEWORK_HEADER = YES;
				CLANG_WARN_RANGE_LOOP_ANALYSIS = YES;
				CLANG_WARN_STRICT_PROTOTYPES = YES;
				CLANG_WARN_SUSPICIOUS_MOVE = YES;
				CLANG_WARN_UNGUARDED_AVAILABILITY = YES_AGGRESSIVE;
				CLANG_WARN_UNREACHABLE_CODE = YES;
				CLANG_WARN__DUPLICATE_METHOD_MATCH = YES;
				COPY_PHASE_STRIP = NO;
				DEBUG_INFORMATION_FORMAT = "dwarf-with-dsym";
				ENABLE_NS_ASSERTIONS = NO;
				ENABLE_STRICT_OBJC_MSGSEND = YES;
				"FRAMEWORK_SEARCH_PATHS[sdk=macosx*][arch=arm64]" = (
					"$(inherited)",
					"$(FRAMEWORK_SEARCH_PATHS_grumble_grumble)",
				);
				GCC_C_LANGUAGE_STANDARD = gnu11;
				GCC_NO_COMMON_BLOCKS = YES;
				GCC_WARN_64_TO_32_BIT_CONVERSION = YES;
				GCC_WARN_ABOUT_RETURN_TYPE = YES_ERROR;
				GCC_WARN_UNDECLARED_SELECTOR = YES;
				GCC_WARN_UNINITIALIZED_AUTOS = YES_AGGRESSIVE;
				GCC_WARN_UNUSED_FUNCTION = YES;
				GCC_WARN_UNUSED_VARIABLE = YES;
				HEADER_SEARCH_PATHS = "$(PROJECT_DIR)/metal-cpp";
				MACOSX_DEPLOYMENT_TARGET = 13.3;
				MTL_ENABLE_DEBUG_INFO = NO;
				MTL_FAST_MATH = YES;
				SDKROOT = macosx;
			};
			name = Release;
		};
		D917F84E2A642A7C00DCD0CC /* Debug */ = {
			isa = XCBuildConfiguration;
			baseConfigurationReference = D917F86B2A6484A700DCD0CC /* conan_config.xcconfig */;
			buildSettings = {
				ALWAYS_SEARCH_USER_PATHS = YES;
				ASSETCATALOG_COMPILER_APPICON_NAME = AppIcon;
				ASSETCATALOG_COMPILER_GLOBAL_ACCENT_COLOR_NAME = AccentColor;
				CODE_SIGN_ENTITLEMENTS = "grumble-sudoku/grumble_sudoku.entitlements";
				CODE_SIGN_STYLE = Automatic;
				COMBINE_HIDPI_IMAGES = YES;
				CURRENT_PROJECT_VERSION = 1;
				DEVELOPMENT_TEAM = AR8DXD677M;
				ENABLE_HARDENED_RUNTIME = YES;
				FRAMEWORK_SEARCH_PATHS = "\"/Users/bewa/.conan2/p/b/grumbb54a5e0589c8f/p/lib\"";
				GENERATE_INFOPLIST_FILE = YES;
				HEADER_SEARCH_PATHS = (
					"$(PROJECT_DIR)/metal-cpp",
					"$(PROJECT_DIR)/metal-cpp-extensions",
				);
				INFOPLIST_KEY_NSHumanReadableCopyright = "";
				INFOPLIST_KEY_NSMainStoryboardFile = Main;
				INFOPLIST_KEY_NSPrincipalClass = NSApplication;
				LD_RUNPATH_SEARCH_PATHS = (
					"$(inherited)",
					"@executable_path/../Frameworks",
				);
				"LIBRARY_SEARCH_PATHS[arch=arm64]" = (
					"$(inherited)",
					"$(LIBRARY_SEARCH_PATHS_grumble_grumble)",
				);
				MARKETING_VERSION = 1.0;
				OTHER_CPLUSPLUSFLAGS = (
					"$(inherited)",
					"$(OTHER_CPLUSPLUSFLAGS_grumble_grumble)",
					"-D",
					GRUMBLE_LOG_DEBUG,
					"-D",
					GLM_FORCE_DEPTH_ZERO_TO_ONE,
				);
				"OTHER_LDFLAGS[arch=*]" = (
					"$(inherited)",
					"$(OTHER_LDFLAGS_grumble_grumble)",
				);
				PRODUCT_BUNDLE_IDENTIFIER = "nebsta.grumble-sudoku";
				PRODUCT_NAME = "$(TARGET_NAME)";
				SWIFT_EMIT_LOC_STRINGS = YES;
			};
			name = Debug;
		};
		D917F84F2A642A7C00DCD0CC /* Release */ = {
			isa = XCBuildConfiguration;
			baseConfigurationReference = D917F86B2A6484A700DCD0CC /* conan_config.xcconfig */;
			buildSettings = {
				ALWAYS_SEARCH_USER_PATHS = YES;
				ASSETCATALOG_COMPILER_APPICON_NAME = AppIcon;
				ASSETCATALOG_COMPILER_GLOBAL_ACCENT_COLOR_NAME = AccentColor;
				CODE_SIGN_ENTITLEMENTS = "grumble-sudoku/grumble_sudoku.entitlements";
				CODE_SIGN_STYLE = Automatic;
				COMBINE_HIDPI_IMAGES = YES;
				CURRENT_PROJECT_VERSION = 1;
				DEVELOPMENT_TEAM = AR8DXD677M;
				ENABLE_HARDENED_RUNTIME = YES;
				FRAMEWORK_SEARCH_PATHS = "\"/Users/bewa/.conan2/p/b/grumbb54a5e0589c8f/p/lib\"";
				GENERATE_INFOPLIST_FILE = YES;
				HEADER_SEARCH_PATHS = (
					"$(PROJECT_DIR)/metal-cpp",
					"$(PROJECT_DIR)/metal-cpp-extensions",
				);
				INFOPLIST_KEY_NSHumanReadableCopyright = "";
				INFOPLIST_KEY_NSMainStoryboardFile = Main;
				INFOPLIST_KEY_NSPrincipalClass = NSApplication;
				LD_RUNPATH_SEARCH_PATHS = (
					"$(inherited)",
					"@executable_path/../Frameworks",
				);
				"LIBRARY_SEARCH_PATHS[arch=arm64]" = (
					"$(inherited)",
					"$(LIBRARY_SEARCH_PATHS_grumble_grumble)",
				);
				MARKETING_VERSION = 1.0;
				OTHER_CPLUSPLUSFLAGS = (
					"$(inherited)",
					"$(OTHER_CPLUSPLUSFLAGS_grumble_grumble)",
					"-D",
					GRUMBLE_LOG_DEBUG,
					"-D",
					GLM_FORCE_DEPTH_ZERO_TO_ONE,
				);
				"OTHER_LDFLAGS[arch=*]" = (
					"$(inherited)",
					"$(OTHER_LDFLAGS_grumble_grumble)",
				);
				PRODUCT_BUNDLE_IDENTIFIER = "nebsta.grumble-sudoku";
				PRODUCT_NAME = "$(TARGET_NAME)";
				SWIFT_EMIT_LOC_STRINGS = YES;
			};
			name = Release;
		};
/* End XCBuildConfiguration section */

/* Begin XCConfigurationList section */
		D917F82F2A642A7B00DCD0CC /* Build configuration list for PBXProject "grumble-sudoku" */ = {
			isa = XCConfigurationList;
			buildConfigurations = (
				D917F84B2A642A7C00DCD0CC /* Debug */,
				D917F84C2A642A7C00DCD0CC /* Release */,
			);
			defaultConfigurationIsVisible = 0;
			defaultConfigurationName = Release;
		};
		D917F84D2A642A7C00DCD0CC /* Build configuration list for PBXNativeTarget "grumble-sudoku" */ = {
			isa = XCConfigurationList;
			buildConfigurations = (
				D917F84E2A642A7C00DCD0CC /* Debug */,
				D917F84F2A642A7C00DCD0CC /* Release */,
			);
			defaultConfigurationIsVisible = 0;
			defaultConfigurationName = Release;
		};
/* End XCConfigurationList section */
	};
	rootObject = D917F82C2A642A7B00DCD0CC /* Project object */;
}
